
Microsoft Visual Studio Solution File, Format Version 12.00
# Visual Studio Version 16
VisualStudioVersion = 16.0.30413.136
MinimumVisualStudioVersion = 10.0.40219.1
Project("{FAE04EC0-301F-11D3-BF4B-00C04F79EFBC}") = "Shifting", "Shifting\Shifting.csproj", "{B31C9937-E05E-4843-B873-37FFDAB91BF6}"
EndProject
Project("{FAE04EC0-301F-11D3-BF4B-00C04F79EFBC}") = "ShiftingNewFormat", "ShiftingNewFormat\ShiftingNewFormat.csproj", "{2EEADB4F-BA67-41AD-8F8C-B67B5899D613}"
EndProject
Global
	GlobalSection(SolutionConfigurationPlatforms) = preSolution
		Debug|Any CPU = Debug|Any CPU
		Release|Any CPU = Release|Any CPU
	EndGlobalSection
	GlobalSection(ProjectConfigurationPlatforms) = postSolution
		{B31C9937-E05E-4843-B873-37FFDAB91BF6}.Debug|Any CPU.ActiveCfg = Debug|Any CPU
		{B31C9937-E05E-4843-B873-37FFDAB91BF6}.Debug|Any CPU.Build.0 = Debug|Any CPU
		{B31C9937-E05E-4843-B873-37FFDAB91BF6}.Release|Any CPU.ActiveCfg = Release|Any CPU
		{B31C9937-E05E-4843-B873-37FFDAB91BF6}.Release|Any CPU.Build.0 = Release|Any CPU
		{2EEADB4F-BA67-41AD-8F8C-B67B5899D613}.Debug|Any CPU.ActiveCfg = Debug|Any CPU
		{2EEADB4F-BA67-41AD-8F8C-B67B5899D613}.Debug|Any CPU.Build.0 = Debug|Any CPU
		{2EEADB4F-BA67-41AD-8F8C-B67B5899D613}.Release|Any CPU.ActiveCfg = Release|Any CPU
		{2EEADB4F-BA67-41AD-8F8C-B67B5899D613}.Release|Any CPU.Build.0 = Release|Any CPU
	EndGlobalSection
	GlobalSection(SolutionProperties) = preSolution
		HideSolutionNode = FALSE
	EndGlobalSection
	GlobalSection(ExtensibilityGlobals) = postSolution
		SolutionGuid = {2C7B02C0-2195-4F95-A720-42856FFC7598}
	EndGlobalSection
EndGlobal
